{
    "name": "Fable.Expect",
    "lockfileVersion": 2,
    "requires": true,
    "packages": {
        "": {
            "devDependencies": {
                "aria-query": "^4.2.2",
                "dom-accessibility-api": "^0.5.7"
            }
        },
        "node_modules/@babel/runtime": {
            "version": "7.15.4",
            "resolved": "https://registry.npmjs.org/@babel/runtime/-/runtime-7.15.4.tgz",
            "integrity": "sha512-99catp6bHCaxr4sJ/DbTGgHS4+Rs2RVd2g7iOap6SLGPDknRK9ztKNsE/Fg6QhSeh1FGE5f6gHGQmvvn3I3xhw==",
            "dev": true,
            "dependencies": {
                "regenerator-runtime": "^0.13.4"
            },
            "engines": {
                "node": ">=6.9.0"
            }
        },
        "node_modules/@babel/runtime-corejs3": {
            "version": "7.15.4",
            "resolved": "https://registry.npmjs.org/@babel/runtime-corejs3/-/runtime-corejs3-7.15.4.tgz",
            "integrity": "sha512-lWcAqKeB624/twtTc3w6w/2o9RqJPaNBhPGK6DKLSiwuVWC7WFkypWyNg+CpZoyJH0jVzv1uMtXZ/5/lQOLtCg==",
            "dev": true,
            "dependencies": {
                "core-js-pure": "^3.16.0",
                "regenerator-runtime": "^0.13.4"
            },
            "engines": {
                "node": ">=6.9.0"
            }
        },
        "node_modules/aria-query": {
            "version": "4.2.2",
            "resolved": "https://registry.npmjs.org/aria-query/-/aria-query-4.2.2.tgz",
            "integrity": "sha512-o/HelwhuKpTj/frsOsbNLNgnNGVIFsVP/SW2BSF14gVl7kAfMOJ6/8wUAUvG1R1NHKrfG+2sHZTu0yauT1qBrA==",
            "dev": true,
            "dependencies": {
                "@babel/runtime": "^7.10.2",
                "@babel/runtime-corejs3": "^7.10.2"
            },
            "engines": {
                "node": ">=6.0"
            }
        },
        "node_modules/core-js-pure": {
            "version": "3.18.0",
            "resolved": "https://registry.npmjs.org/core-js-pure/-/core-js-pure-3.18.0.tgz",
            "integrity": "sha512-ZnK+9vyuMhKulIGqT/7RHGRok8RtkHMEX/BGPHkHx+ouDkq+MUvf9mfIgdqhpmPDu8+V5UtRn/CbCRc9I4lX4w==",
            "dev": true,
            "hasInstallScript": true,
            "funding": {
                "type": "opencollective",
                "url": "https://opencollective.com/core-js"
            }
        },
        "node_modules/dom-accessibility-api": {
            "version": "0.5.7",
            "resolved": "https://registry.npmjs.org/dom-accessibility-api/-/dom-accessibility-api-0.5.7.tgz",
            "integrity": "sha512-ml3lJIq9YjUfM9TUnEPvEYWFSwivwIGBPKpewX7tii7fwCazA8yCioGdqQcNsItPpfFvSJ3VIdMQPj60LJhcQA==",
            "dev": true
        },
        "node_modules/regenerator-runtime": {
            "version": "0.13.9",
            "resolved": "https://registry.npmjs.org/regenerator-runtime/-/regenerator-runtime-0.13.9.tgz",
            "integrity": "sha512-p3VT+cOEgxFsRRA9X4lkI1E+k2/CtnKtU4gcxyaCUreilL/vqI6CdZ3wxVUx3UOUg+gnUOQQcRI7BmSI656MYA==",
            "dev": true
        }
    },
    "dependencies": {
        "@babel/runtime": {
            "version": "7.15.4",
            "resolved": "https://registry.npmjs.org/@babel/runtime/-/runtime-7.15.4.tgz",
            "integrity": "sha512-99catp6bHCaxr4sJ/DbTGgHS4+Rs2RVd2g7iOap6SLGPDknRK9ztKNsE/Fg6QhSeh1FGE5f6gHGQmvvn3I3xhw==",
            "dev": true,
            "requires": {
                "regenerator-runtime": "^0.13.4"
            }
        },
        "@babel/runtime-corejs3": {
            "version": "7.15.4",
            "resolved": "https://registry.npmjs.org/@babel/runtime-corejs3/-/runtime-corejs3-7.15.4.tgz",
            "integrity": "sha512-lWcAqKeB624/twtTc3w6w/2o9RqJPaNBhPGK6DKLSiwuVWC7WFkypWyNg+CpZoyJH0jVzv1uMtXZ/5/lQOLtCg==",
            "dev": true,
            "requires": {
                "core-js-pure": "^3.16.0",
                "regenerator-runtime": "^0.13.4"
            }
        },
        "aria-query": {
            "version": "4.2.2",
            "resolved": "https://registry.npmjs.org/aria-query/-/aria-query-4.2.2.tgz",
            "integrity": "sha512-o/HelwhuKpTj/frsOsbNLNgnNGVIFsVP/SW2BSF14gVl7kAfMOJ6/8wUAUvG1R1NHKrfG+2sHZTu0yauT1qBrA==",
            "dev": true,
            "requires": {
                "@babel/runtime": "^7.10.2",
                "@babel/runtime-corejs3": "^7.10.2"
            }
        },
        "core-js-pure": {
            "version": "3.18.0",
            "resolved": "https://registry.npmjs.org/core-js-pure/-/core-js-pure-3.18.0.tgz",
            "integrity": "sha512-ZnK+9vyuMhKulIGqT/7RHGRok8RtkHMEX/BGPHkHx+ouDkq+MUvf9mfIgdqhpmPDu8+V5UtRn/CbCRc9I4lX4w==",
            "dev": true
        },
        "dom-accessibility-api": {
            "version": "0.5.7",
            "resolved": "https://registry.npmjs.org/dom-accessibility-api/-/dom-accessibility-api-0.5.7.tgz",
            "integrity": "sha512-ml3lJIq9YjUfM9TUnEPvEYWFSwivwIGBPKpewX7tii7fwCazA8yCioGdqQcNsItPpfFvSJ3VIdMQPj60LJhcQA==",
            "dev": true
        },
        "regenerator-runtime": {
            "version": "0.13.9",
            "resolved": "https://registry.npmjs.org/regenerator-runtime/-/regenerator-runtime-0.13.9.tgz",
            "integrity": "sha512-p3VT+cOEgxFsRRA9X4lkI1E+k2/CtnKtU4gcxyaCUreilL/vqI6CdZ3wxVUx3UOUg+gnUOQQcRI7BmSI656MYA==",
            "dev": true
        }
    }
}
