
Microsoft Visual Studio Solution File, Format Version 12.00
# Visual Studio Version 16
VisualStudioVersion = 16.0.30114.105
MinimumVisualStudioVersion = 10.0.40219.1
Project("{2150E333-8FDC-42A3-9474-1A3956D46DE8}") = "src", "src", "{02A16E23-0ECB-444D-B10B-245EAF6589DD}"
EndProject
Project("{F2A71F9B-5D33-465A-A702-920D77279786}") = "Lit", "src\Lit\Lit.fsproj", "{207E7C81-549C-4CF5-830B-E681E383BDAB}"
EndProject
Project("{F2A71F9B-5D33-465A-A702-920D77279786}") = "Lit.React", "src\Lit.React\Lit.React.fsproj", "{B231739B-4508-423A-9321-E7A7242E6BE4}"
EndProject
Project("{F2A71F9B-5D33-465A-A702-920D77279786}") = "Lit.Feliz", "src\Lit.Feliz\Lit.Feliz.fsproj", "{0EBD5EA0-373F-4C63-B4D2-8C0681552554}"
EndProject
Project("{2150E333-8FDC-42A3-9474-1A3956D46DE8}") = "sample", "sample", "{80F23BCE-813B-4B21-B61D-F10D20387040}"
EndProject
Project("{F2A71F9B-5D33-465A-A702-920D77279786}") = "App", "sample\src\App.fsproj", "{735B907F-DBC6-415D-8C71-3D71409EC392}"
EndProject
Project("{F2A71F9B-5D33-465A-A702-920D77279786}") = "Lit.Elmish", "src\Lit.Elmish\Lit.Elmish.fsproj", "{EAD7C6EA-3264-4AA1-A267-DB83425E86B5}"
EndProject
Global
	GlobalSection(SolutionConfigurationPlatforms) = preSolution
		Debug|Any CPU = Debug|Any CPU
		Debug|x64 = Debug|x64
		Debug|x86 = Debug|x86
		Release|Any CPU = Release|Any CPU
		Release|x64 = Release|x64
		Release|x86 = Release|x86
	EndGlobalSection
	GlobalSection(SolutionProperties) = preSolution
		HideSolutionNode = FALSE
	EndGlobalSection
	GlobalSection(ProjectConfigurationPlatforms) = postSolution
		{207E7C81-549C-4CF5-830B-E681E383BDAB}.Debug|Any CPU.ActiveCfg = Debug|Any CPU
		{207E7C81-549C-4CF5-830B-E681E383BDAB}.Debug|Any CPU.Build.0 = Debug|Any CPU
		{207E7C81-549C-4CF5-830B-E681E383BDAB}.Debug|x64.ActiveCfg = Debug|Any CPU
		{207E7C81-549C-4CF5-830B-E681E383BDAB}.Debug|x64.Build.0 = Debug|Any CPU
		{207E7C81-549C-4CF5-830B-E681E383BDAB}.Debug|x86.ActiveCfg = Debug|Any CPU
		{207E7C81-549C-4CF5-830B-E681E383BDAB}.Debug|x86.Build.0 = Debug|Any CPU
		{207E7C81-549C-4CF5-830B-E681E383BDAB}.Release|Any CPU.ActiveCfg = Release|Any CPU
		{207E7C81-549C-4CF5-830B-E681E383BDAB}.Release|Any CPU.Build.0 = Release|Any CPU
		{207E7C81-549C-4CF5-830B-E681E383BDAB}.Release|x64.ActiveCfg = Release|Any CPU
		{207E7C81-549C-4CF5-830B-E681E383BDAB}.Release|x64.Build.0 = Release|Any CPU
		{207E7C81-549C-4CF5-830B-E681E383BDAB}.Release|x86.ActiveCfg = Release|Any CPU
		{207E7C81-549C-4CF5-830B-E681E383BDAB}.Release|x86.Build.0 = Release|Any CPU
		{B231739B-4508-423A-9321-E7A7242E6BE4}.Debug|Any CPU.ActiveCfg = Debug|Any CPU
		{B231739B-4508-423A-9321-E7A7242E6BE4}.Debug|Any CPU.Build.0 = Debug|Any CPU
		{B231739B-4508-423A-9321-E7A7242E6BE4}.Debug|x64.ActiveCfg = Debug|Any CPU
		{B231739B-4508-423A-9321-E7A7242E6BE4}.Debug|x64.Build.0 = Debug|Any CPU
		{B231739B-4508-423A-9321-E7A7242E6BE4}.Debug|x86.ActiveCfg = Debug|Any CPU
		{B231739B-4508-423A-9321-E7A7242E6BE4}.Debug|x86.Build.0 = Debug|Any CPU
		{B231739B-4508-423A-9321-E7A7242E6BE4}.Release|Any CPU.ActiveCfg = Release|Any CPU
		{B231739B-4508-423A-9321-E7A7242E6BE4}.Release|Any CPU.Build.0 = Release|Any CPU
		{B231739B-4508-423A-9321-E7A7242E6BE4}.Release|x64.ActiveCfg = Release|Any CPU
		{B231739B-4508-423A-9321-E7A7242E6BE4}.Release|x64.Build.0 = Release|Any CPU
		{B231739B-4508-423A-9321-E7A7242E6BE4}.Release|x86.ActiveCfg = Release|Any CPU
		{B231739B-4508-423A-9321-E7A7242E6BE4}.Release|x86.Build.0 = Release|Any CPU
		{0EBD5EA0-373F-4C63-B4D2-8C0681552554}.Debug|Any CPU.ActiveCfg = Debug|Any CPU
		{0EBD5EA0-373F-4C63-B4D2-8C0681552554}.Debug|Any CPU.Build.0 = Debug|Any CPU
		{0EBD5EA0-373F-4C63-B4D2-8C0681552554}.Debug|x64.ActiveCfg = Debug|Any CPU
		{0EBD5EA0-373F-4C63-B4D2-8C0681552554}.Debug|x64.Build.0 = Debug|Any CPU
		{0EBD5EA0-373F-4C63-B4D2-8C0681552554}.Debug|x86.ActiveCfg = Debug|Any CPU
		{0EBD5EA0-373F-4C63-B4D2-8C0681552554}.Debug|x86.Build.0 = Debug|Any CPU
		{0EBD5EA0-373F-4C63-B4D2-8C0681552554}.Release|Any CPU.ActiveCfg = Release|Any CPU
		{0EBD5EA0-373F-4C63-B4D2-8C0681552554}.Release|Any CPU.Build.0 = Release|Any CPU
		{0EBD5EA0-373F-4C63-B4D2-8C0681552554}.Release|x64.ActiveCfg = Release|Any CPU
		{0EBD5EA0-373F-4C63-B4D2-8C0681552554}.Release|x64.Build.0 = Release|Any CPU
		{0EBD5EA0-373F-4C63-B4D2-8C0681552554}.Release|x86.ActiveCfg = Release|Any CPU
		{0EBD5EA0-373F-4C63-B4D2-8C0681552554}.Release|x86.Build.0 = Release|Any CPU
		{735B907F-DBC6-415D-8C71-3D71409EC392}.Debug|Any CPU.ActiveCfg = Debug|Any CPU
		{735B907F-DBC6-415D-8C71-3D71409EC392}.Debug|Any CPU.Build.0 = Debug|Any CPU
		{735B907F-DBC6-415D-8C71-3D71409EC392}.Debug|x64.ActiveCfg = Debug|Any CPU
		{735B907F-DBC6-415D-8C71-3D71409EC392}.Debug|x64.Build.0 = Debug|Any CPU
		{735B907F-DBC6-415D-8C71-3D71409EC392}.Debug|x86.ActiveCfg = Debug|Any CPU
		{735B907F-DBC6-415D-8C71-3D71409EC392}.Debug|x86.Build.0 = Debug|Any CPU
		{735B907F-DBC6-415D-8C71-3D71409EC392}.Release|Any CPU.ActiveCfg = Release|Any CPU
		{735B907F-DBC6-415D-8C71-3D71409EC392}.Release|Any CPU.Build.0 = Release|Any CPU
		{735B907F-DBC6-415D-8C71-3D71409EC392}.Release|x64.ActiveCfg = Release|Any CPU
		{735B907F-DBC6-415D-8C71-3D71409EC392}.Release|x64.Build.0 = Release|Any CPU
		{735B907F-DBC6-415D-8C71-3D71409EC392}.Release|x86.ActiveCfg = Release|Any CPU
		{735B907F-DBC6-415D-8C71-3D71409EC392}.Release|x86.Build.0 = Release|Any CPU
		{EAD7C6EA-3264-4AA1-A267-DB83425E86B5}.Debug|Any CPU.ActiveCfg = Debug|Any CPU
		{EAD7C6EA-3264-4AA1-A267-DB83425E86B5}.Debug|Any CPU.Build.0 = Debug|Any CPU
		{EAD7C6EA-3264-4AA1-A267-DB83425E86B5}.Debug|x64.ActiveCfg = Debug|Any CPU
		{EAD7C6EA-3264-4AA1-A267-DB83425E86B5}.Debug|x64.Build.0 = Debug|Any CPU
		{EAD7C6EA-3264-4AA1-A267-DB83425E86B5}.Debug|x86.ActiveCfg = Debug|Any CPU
		{EAD7C6EA-3264-4AA1-A267-DB83425E86B5}.Debug|x86.Build.0 = Debug|Any CPU
		{EAD7C6EA-3264-4AA1-A267-DB83425E86B5}.Release|Any CPU.ActiveCfg = Release|Any CPU
		{EAD7C6EA-3264-4AA1-A267-DB83425E86B5}.Release|Any CPU.Build.0 = Release|Any CPU
		{EAD7C6EA-3264-4AA1-A267-DB83425E86B5}.Release|x64.ActiveCfg = Release|Any CPU
		{EAD7C6EA-3264-4AA1-A267-DB83425E86B5}.Release|x64.Build.0 = Release|Any CPU
		{EAD7C6EA-3264-4AA1-A267-DB83425E86B5}.Release|x86.ActiveCfg = Release|Any CPU
		{EAD7C6EA-3264-4AA1-A267-DB83425E86B5}.Release|x86.Build.0 = Release|Any CPU
	EndGlobalSection
	GlobalSection(NestedProjects) = preSolution
		{207E7C81-549C-4CF5-830B-E681E383BDAB} = {02A16E23-0ECB-444D-B10B-245EAF6589DD}
		{B231739B-4508-423A-9321-E7A7242E6BE4} = {02A16E23-0ECB-444D-B10B-245EAF6589DD}
		{0EBD5EA0-373F-4C63-B4D2-8C0681552554} = {02A16E23-0ECB-444D-B10B-245EAF6589DD}
		{735B907F-DBC6-415D-8C71-3D71409EC392} = {80F23BCE-813B-4B21-B61D-F10D20387040}
		{EAD7C6EA-3264-4AA1-A267-DB83425E86B5} = {02A16E23-0ECB-444D-B10B-245EAF6589DD}
	EndGlobalSection
EndGlobal
