{
    "name": "Elmish.Lit",
    "lockfileVersion": 2,
    "requires": true,
    "packages": {
        "": {
            "devDependencies": {
                "fable-publish-utils": "^2.2.0"
            }
        },
        "node_modules/fable-publish-utils": {
            "version": "2.2.0",
            "resolved": "https://registry.npmjs.org/fable-publish-utils/-/fable-publish-utils-2.2.0.tgz",
            "integrity": "sha512-/P3iaJj2WLQiMdBEB6wVWTUdeg3RLk9i7ltvQ0HvM7k6+5spwBLwdL2gYfFV8E4n44wlWuMXy6SxyP0OMrGBQA==",
            "dev": true
        }
    },
    "dependencies": {
        "fable-publish-utils": {
            "version": "2.2.0",
            "resolved": "https://registry.npmjs.org/fable-publish-utils/-/fable-publish-utils-2.2.0.tgz",
            "integrity": "sha512-/P3iaJj2WLQiMdBEB6wVWTUdeg3RLk9i7ltvQ0HvM7k6+5spwBLwdL2gYfFV8E4n44wlWuMXy6SxyP0OMrGBQA==",
            "dev": true
        }
    }
}
